
Microsoft Visual Studio Solution File, Format Version 11.00
# Visual Studio 2010
Project("{FAE04EC0-301F-11D3-BF4B-00C04F79EFBC}") = "MyrUtil", "MyrUtil\MyrUtil.csproj", "{03CA5FBF-54F5-4F2B-BDAF-CB04BF839144}"
EndProject
Global
	GlobalSection(SolutionConfigurationPlatforms) = preSolution
		Debug|x86 = Debug|x86
		Release|x86 = Release|x86
	EndGlobalSection
	GlobalSection(ProjectConfigurationPlatforms) = postSolution
		{03CA5FBF-54F5-4F2B-BDAF-CB04BF839144}.Debug|x86.ActiveCfg = Debug|x86
		{03CA5FBF-54F5-4F2B-BDAF-CB04BF839144}.Debug|x86.Build.0 = Debug|x86
		{03CA5FBF-54F5-4F2B-BDAF-CB04BF839144}.Release|x86.ActiveCfg = Release|x86
		{03CA5FBF-54F5-4F2B-BDAF-CB04BF839144}.Release|x86.Build.0 = Release|x86
	EndGlobalSection
	GlobalSection(SolutionProperties) = preSolution
		HideSolutionNode = FALSE
	EndGlobalSection
EndGlobal
